// !$*UTF8*$!
{
	archiveVersion = 1;
	classes = {
	};
	objectVersion = 46;
	objects = {

/* Begin PBXBuildFile section */
		1A2217931C7E7B14006460E2 /* AppDelegate.m in Sources */ = {isa = PBXBuildFile; fileRef = 1A2217921C7E7B14006460E2 /* AppDelegate.m */; };
		1A2217961C7E7B14006460E2 /* main.m in Sources */ = {isa = PBXBuildFile; fileRef = 1A2217951C7E7B14006460E2 /* main.m */; };
		1A2217981C7E7B14006460E2 /* Assets.xcassets in Resources */ = {isa = PBXBuildFile; fileRef = 1A2217971C7E7B14006460E2 /* Assets.xcassets */; };
		1A22179B1C7E7B14006460E2 /* MainMenu.xib in Resources */ = {isa = PBXBuildFile; fileRef = 1A2217991C7E7B14006460E2 /* MainMenu.xib */; };
/* End PBXBuildFile section */

/* Begin PBXFileReference section */
		1A22178E1C7E7B14006460E2 /* ShipHub.app */ = {isa = PBXFileReference; explicitFileType = wrapper.application; includeInIndex = 0; path = ShipHub.app; sourceTree = BUILT_PRODUCTS_DIR; };
		1A2217911C7E7B14006460E2 /* AppDelegate.h */ = {isa = PBXFileReference; lastKnownFileType = sourcecode.c.h; path = AppDelegate.h; sourceTree = "<group>"; };
		1A2217921C7E7B14006460E2 /* AppDelegate.m */ = {isa = PBXFileReference; lastKnownFileType = sourcecode.c.objc; path = AppDelegate.m; sourceTree = "<group>"; };
		1A2217951C7E7B14006460E2 /* main.m */ = {isa = PBXFileReference; lastKnownFileType = sourcecode.c.objc; path = main.m; sourceTree = "<group>"; };
		1A2217971C7E7B14006460E2 /* Assets.xcassets */ = {isa = PBXFileReference; lastKnownFileType = folder.assetcatalog; path = Assets.xcassets; sourceTree = "<group>"; };
		1A22179A1C7E7B14006460E2 /* Base */ = {isa = PBXFileReference; lastKnownFileType = file.xib; name = Base; path = Base.lproj/MainMenu.xib; sourceTree = "<group>"; };
		1A22179C1C7E7B14006460E2 /* Info.plist */ = {isa = PBXFileReference; lastKnownFileType = text.plist.xml; path = Info.plist; sourceTree = "<group>"; };
/* End PBXFileReference section */

/* Begin PBXFrameworksBuildPhase section */
		1A22178B1C7E7B14006460E2 /* Frameworks */ = {
			isa = PBXFrameworksBuildPhase;
			buildActionMask = 2147483647;
			files = (
			);
			runOnlyForDeploymentPostprocessing = 0;
		};
/* End PBXFrameworksBuildPhase section */

/* Begin PBXGroup section */
		1A2217851C7E7B14006460E2 = {
			isa = PBXGroup;
			children = (
				1A2217901C7E7B14006460E2 /* ShipHub */,
				1A22178F1C7E7B14006460E2 /* Products */,
			);
			sourceTree = "<group>";
		};
		1A22178F1C7E7B14006460E2 /* Products */ = {
			isa = PBXGroup;
			children = (
				1A22178E1C7E7B14006460E2 /* ShipHub.app */,
			);
			name = Products;
			sourceTree = "<group>";
		};
		1A2217901C7E7B14006460E2 /* ShipHub */ = {
			isa = PBXGroup;
			children = (
				1A2217911C7E7B14006460E2 /* AppDelegate.h */,
				1A2217921C7E7B14006460E2 /* AppDelegate.m */,
				1A2217971C7E7B14006460E2 /* Assets.xcassets */,
				1A2217991C7E7B14006460E2 /* MainMenu.xib */,
				1A22179C1C7E7B14006460E2 /* Info.plist */,
				1A2217941C7E7B14006460E2 /* Supporting Files */,
			);
			path = ShipHub;
			sourceTree = "<group>";
		};
		1A2217941C7E7B14006460E2 /* Supporting Files */ = {
			isa = PBXGroup;
			children = (
				1A2217951C7E7B14006460E2 /* main.m */,
			);
			name = "Supporting Files";
			sourceTree = "<group>";
		};
/* End PBXGroup section */

/* Begin PBXNativeTarget section */
		1A22178D1C7E7B14006460E2 /* ShipHub */ = {
			isa = PBXNativeTarget;
			buildConfigurationList = 1A22179F1C7E7B14006460E2 /* Build configuration list for PBXNativeTarget "ShipHub" */;
			buildPhases = (
				1A22178A1C7E7B14006460E2 /* Sources */,
				1A22178B1C7E7B14006460E2 /* Frameworks */,
				1A22178C1C7E7B14006460E2 /* Resources */,
			);
			buildRules = (
			);
			dependencies = (
			);
			name = ShipHub;
			productName = ShipHub;
			productReference = 1A22178E1C7E7B14006460E2 /* ShipHub.app */;
			productType = "com.apple.product-type.application";
		};
/* End PBXNativeTarget section */

/* Begin PBXProject section */
		1A2217861C7E7B14006460E2 /* Project object */ = {
			isa = PBXProject;
			attributes = {
				LastUpgradeCheck = 0720;
				ORGANIZATIONNAME = "Real Artists, Inc";
				TargetAttributes = {
					1A22178D1C7E7B14006460E2 = {
						CreatedOnToolsVersion = 7.2.1;
					};
				};
			};
			buildConfigurationList = 1A2217891C7E7B14006460E2 /* Build configuration list for PBXProject "ShipHub" */;
			compatibilityVersion = "Xcode 3.2";
			developmentRegion = English;
			hasScannedForEncodings = 0;
			knownRegions = (
				en,
				Base,
			);
			mainGroup = 1A2217851C7E7B14006460E2;
			productRefGroup = 1A22178F1C7E7B14006460E2 /* Products */;
			projectDirPath = "";
			projectRoot = "";
			targets = (
				1A22178D1C7E7B14006460E2 /* ShipHub */,
			);
		};
/* End PBXProject section */

/* Begin PBXResourcesBuildPhase section */
		1A22178C1C7E7B14006460E2 /* Resources */ = {
			isa = PBXResourcesBuildPhase;
			buildActionMask = 2147483647;
			files = (
				1A2217981C7E7B14006460E2 /* Assets.xcassets in Resources */,
				1A22179B1C7E7B14006460E2 /* MainMenu.xib in Resources */,
			);
			runOnlyForDeploymentPostprocessing = 0;
		};
/* End PBXResourcesBuildPhase section */

/* Begin PBXSourcesBuildPhase section */
		1A22178A1C7E7B14006460E2 /* Sources */ = {
			isa = PBXSourcesBuildPhase;
			buildActionMask = 2147483647;
			files = (
				1A2217961C7E7B14006460E2 /* main.m in Sources */,
				1A2217931C7E7B14006460E2 /* AppDelegate.m in Sources */,
			);
			runOnlyForDeploymentPostprocessing = 0;
		};
/* End PBXSourcesBuildPhase section */

/* Begin PBXVariantGroup section */
		1A2217991C7E7B14006460E2 /* MainMenu.xib */ = {
			isa = PBXVariantGroup;
			children = (
				1A22179A1C7E7B14006460E2 /* Base */,
			);
			name = MainMenu.xib;
			sourceTree = "<group>";
		};
/* End PBXVariantGroup section */

/* Begin XCBuildConfiguration section */
		1A22179D1C7E7B14006460E2 /* Debug */ = {
			isa = XCBuildConfiguration;
			buildSettings = {
				ALWAYS_SEARCH_USER_PATHS = NO;
				CLANG_CXX_LANGUAGE_STANDARD = "gnu++0x";
				CLANG_CXX_LIBRARY = "libc++";
				CLANG_ENABLE_MODULES = YES;
				CLANG_ENABLE_OBJC_ARC = YES;
				CLANG_WARN_BOOL_CONVERSION = YES;
				CLANG_WARN_CONSTANT_CONVERSION = YES;
				CLANG_WARN_DIRECT_OBJC_ISA_USAGE = YES_ERROR;
				CLANG_WARN_EMPTY_BODY = YES;
				CLANG_WARN_ENUM_CONVERSION = YES;
				CLANG_WARN_INT_CONVERSION = YES;
				CLANG_WARN_OBJC_ROOT_CLASS = YES_ERROR;
				CLANG_WARN_UNREACHABLE_CODE = YES;
				CLANG_WARN__DUPLICATE_METHOD_MATCH = YES;
				CODE_SIGN_IDENTITY = "-";
				COPY_PHASE_STRIP = NO;
				DEBUG_INFORMATION_FORMAT = dwarf;
				ENABLE_STRICT_OBJC_MSGSEND = YES;
				ENABLE_TESTABILITY = YES;
				GCC_C_LANGUAGE_STANDARD = gnu99;
				GCC_DYNAMIC_NO_PIC = NO;
				GCC_NO_COMMON_BLOCKS = YES;
				GCC_OPTIMIZATION_LEVEL = 0;
				GCC_PREPROCESSOR_DEFINITIONS = (
					"DEBUG=1",
					"$(inherited)",
				);
				GCC_WARN_64_TO_32_BIT_CONVERSION = YES;
				GCC_WARN_ABOUT_RETURN_TYPE = YES_ERROR;
				GCC_WARN_UNDECLARED_SELECTOR = YES;
				GCC_WARN_UNINITIALIZED_AUTOS = YES_AGGRESSIVE;
				GCC_WARN_UNUSED_FUNCTION = YES;
				GCC_WARN_UNUSED_VARIABLE = YES;
				MACOSX_DEPLOYMENT_TARGET = 10.11;
				MTL_ENABLE_DEBUG_INFO = YES;
				ONLY_ACTIVE_ARCH = YES;
				SDKROOT = macosx;
			};
			name = Debug;
		};
		1A22179E1C7E7B14006460E2 /* Release */ = {
			isa = XCBuildConfiguration;
			buildSettings = {
				ALWAYS_SEARCH_USER_PATHS = NO;
				CLANG_CXX_LANGUAGE_STANDARD = "gnu++0x";
				CLANG_CXX_LIBRARY = "libc++";
				CLANG_ENABLE_MODULES = YES;
				CLANG_ENABLE_OBJC_ARC = YES;
				CLANG_WARN_BOOL_CONVERSION = YES;
				CLANG_WARN_CONSTANT_CONVERSION = YES;
				CLANG_WARN_DIRECT_OBJC_ISA_USAGE = YES_ERROR;
				CLANG_WARN_EMPTY_BODY = YES;
				CLANG_WARN_ENUM_CONVERSION = YES;
				CLANG_WARN_INT_CONVERSION = YES;
				CLANG_WARN_OBJC_ROOT_CLASS = YES_ERROR;
				CLANG_WARN_UNREACHABLE_CODE = YES;
				CLANG_WARN__DUPLICATE_METHOD_MATCH = YES;
				CODE_SIGN_IDENTITY = "-";
				COPY_PHASE_STRIP = NO;
				DEBUG_INFORMATION_FORMAT = "dwarf-with-dsym";
				ENABLE_NS_ASSERTIONS = NO;
				ENABLE_STRICT_OBJC_MSGSEND = YES;
				GCC_C_LANGUAGE_STANDARD = gnu99;
				GCC_NO_COMMON_BLOCKS = YES;
				GCC_WARN_64_TO_32_BIT_CONVERSION = YES;
				GCC_WARN_ABOUT_RETURN_TYPE = YES_ERROR;
				GCC_WARN_UNDECLARED_SELECTOR = YES;
				GCC_WARN_UNINITIALIZED_AUTOS = YES_AGGRESSIVE;
				GCC_WARN_UNUSED_FUNCTION = YES;
				GCC_WARN_UNUSED_VARIABLE = YES;
				MACOSX_DEPLOYMENT_TARGET = 10.11;
				MTL_ENABLE_DEBUG_INFO = NO;
				SDKROOT = macosx;
			};
			name = Release;
		};
		1A2217A01C7E7B14006460E2 /* Debug */ = {
			isa = XCBuildConfiguration;
			buildSettings = {
				ASSETCATALOG_COMPILER_APPICON_NAME = AppIcon;
				COMBINE_HIDPI_IMAGES = YES;
				INFOPLIST_FILE = ShipHub/Info.plist;
				LD_RUNPATH_SEARCH_PATHS = "$(inherited) @executable_path/../Frameworks";
				PRODUCT_BUNDLE_IDENTIFIER = com.realartists.ShipHub;
				PRODUCT_NAME = "$(TARGET_NAME)";
			};
			name = Debug;
		};
		1A2217A11C7E7B14006460E2 /* Release */ = {
			isa = XCBuildConfiguration;
			buildSettings = {
				ASSETCATALOG_COMPILER_APPICON_NAME = AppIcon;
				COMBINE_HIDPI_IMAGES = YES;
				INFOPLIST_FILE = ShipHub/Info.plist;
				LD_RUNPATH_SEARCH_PATHS = "$(inherited) @executable_path/../Frameworks";
				PRODUCT_BUNDLE_IDENTIFIER = com.realartists.ShipHub;
				PRODUCT_NAME = "$(TARGET_NAME)";
			};
			name = Release;
		};
/* End XCBuildConfiguration section */

/* Begin XCConfigurationList section */
		1A2217891C7E7B14006460E2 /* Build configuration list for PBXProject "ShipHub" */ = {
			isa = XCConfigurationList;
			buildConfigurations = (
				1A22179D1C7E7B14006460E2 /* Debug */,
				1A22179E1C7E7B14006460E2 /* Release */,
			);
			defaultConfigurationIsVisible = 0;
			defaultConfigurationName = Release;
		};
		1A22179F1C7E7B14006460E2 /* Build configuration list for PBXNativeTarget "ShipHub" */ = {
			isa = XCConfigurationList;
			buildConfigurations = (
				1A2217A01C7E7B14006460E2 /* Debug */,
				1A2217A11C7E7B14006460E2 /* Release */,
			);
			defaultConfigurationIsVisible = 0;
		};
/* End XCConfigurationList section */
	};
	rootObject = 1A2217861C7E7B14006460E2 /* Project object */;
}
